
Microsoft Visual Studio Solution File, Format Version 12.00
# Visual Studio Version 17
VisualStudioVersion = 17.4.33103.184
MinimumVisualStudioVersion = 10.0.40219.1
Project("{FAE04EC0-301F-11D3-BF4B-00C04F79EFBC}") = "NewStaticExercise", "NewStaticExercise\NewStaticExercise.csproj", "{BC63C0E0-ADED-42E4-A252-2A8744B85304}"
EndProject
Global
	GlobalSection(SolutionConfigurationPlatforms) = preSolution
		Debug|Any CPU = Debug|Any CPU
		Release|Any CPU = Release|Any CPU
	EndGlobalSection
	GlobalSection(ProjectConfigurationPlatforms) = postSolution
		{BC63C0E0-ADED-42E4-A252-2A8744B85304}.Debug|Any CPU.ActiveCfg = Debug|Any CPU
		{BC63C0E0-ADED-42E4-A252-2A8744B85304}.Debug|Any CPU.Build.0 = Debug|Any CPU
		{BC63C0E0-ADED-42E4-A252-2A8744B85304}.Release|Any CPU.ActiveCfg = Release|Any CPU
		{BC63C0E0-ADED-42E4-A252-2A8744B85304}.Release|Any CPU.Build.0 = Release|Any CPU
	EndGlobalSection
	GlobalSection(SolutionProperties) = preSolution
		HideSolutionNode = FALSE
	EndGlobalSection
	GlobalSection(ExtensibilityGlobals) = postSolution
		SolutionGuid = {FA1E8820-F6A5-4ADA-B98C-D0215F2BEAF2}
	EndGlobalSection
EndGlobal
